// !$*UTF8*$!
{
	archiveVersion = 1;
	classes = {
	};
	objectVersion = 56;
	objects = {

/* Begin PBXBuildFile section */
		6F1DBAD02BDAA5BA00CA366F /* profileController.swift in Sources */ = {isa = PBXBuildFile; fileRef = 6F1DBACF2BDAA5BA00CA366F /* profileController.swift */; };
		6FC4C48B2BBCCC4000808CB2 /* AppDelegate.swift in Sources */ = {isa = PBXBuildFile; fileRef = 6FC4C48A2BBCCC4000808CB2 /* AppDelegate.swift */; };
		6FC4C48D2BBCCC4000808CB2 /* SceneDelegate.swift in Sources */ = {isa = PBXBuildFile; fileRef = 6FC4C48C2BBCCC4000808CB2 /* SceneDelegate.swift */; };
		6FC4C4922BBCCC4000808CB2 /* Base in Resources */ = {isa = PBXBuildFile; fileRef = 6FC4C4912BBCCC4000808CB2 /* Base */; };
		6FC4C4942BBCCC4200808CB2 /* Assets.xcassets in Resources */ = {isa = PBXBuildFile; fileRef = 6FC4C4932BBCCC4200808CB2 /* Assets.xcassets */; };
		6FC4C4972BBCCC4200808CB2 /* Base in Resources */ = {isa = PBXBuildFile; fileRef = 6FC4C4962BBCCC4200808CB2 /* Base */; };
		6FC4C49F2BBCCCA400808CB2 /* StartScreen.swift in Sources */ = {isa = PBXBuildFile; fileRef = 6FC4C49E2BBCCCA400808CB2 /* StartScreen.swift */; };
		6FC4C4A12BC08F2100808CB2 /* LoginController.swift in Sources */ = {isa = PBXBuildFile; fileRef = 6FC4C4A02BC08F2100808CB2 /* LoginController.swift */; };
		6FC4C4A62BC0900900808CB2 /* FirebaseAuth in Frameworks */ = {isa = PBXBuildFile; productRef = 6FC4C4A52BC0900900808CB2 /* FirebaseAuth */; };
		6FC4C4A82BC0900900808CB2 /* FirebaseDatabase in Frameworks */ = {isa = PBXBuildFile; productRef = 6FC4C4A72BC0900900808CB2 /* FirebaseDatabase */; };
		6FC4C4AA2BC0900900808CB2 /* FirebaseFirestore in Frameworks */ = {isa = PBXBuildFile; productRef = 6FC4C4A92BC0900900808CB2 /* FirebaseFirestore */; };
		6FC4C4AC2BC0900900808CB2 /* FirebaseStorage in Frameworks */ = {isa = PBXBuildFile; productRef = 6FC4C4AB2BC0900900808CB2 /* FirebaseStorage */; };
		6FC4C4AE2BC0910500808CB2 /* GoogleService-Info.plist in Resources */ = {isa = PBXBuildFile; fileRef = 6FC4C4AD2BC0910400808CB2 /* GoogleService-Info.plist */; };
		6FC4C4B02BC098D400808CB2 /* RegController.swift in Sources */ = {isa = PBXBuildFile; fileRef = 6FC4C4AF2BC098D400808CB2 /* RegController.swift */; };
		6FC4C4D32BC2309800808CB2 /* User.swift in Sources */ = {isa = PBXBuildFile; fileRef = 6FC4C4D22BC2309800808CB2 /* User.swift */; };
		6FC4C4D92BC27F8400808CB2 /* BookTVController.swift in Sources */ = {isa = PBXBuildFile; fileRef = 6FC4C4D82BC27F8400808CB2 /* BookTVController.swift */; };
		6FC4C4DB2BC27FFE00808CB2 /* Book.swift in Sources */ = {isa = PBXBuildFile; fileRef = 6FC4C4DA2BC27FFE00808CB2 /* Book.swift */; };
		6FC4C4DD2BC286AD00808CB2 /* BookRepository.swift in Sources */ = {isa = PBXBuildFile; fileRef = 6FC4C4DC2BC286AD00808CB2 /* BookRepository.swift */; };
		6FC4C4DF2BC28C4800808CB2 /* ViewController.swift in Sources */ = {isa = PBXBuildFile; fileRef = 6FC4C4DE2BC28C4800808CB2 /* ViewController.swift */; };
		6FC4C4E12BC2A0D700808CB2 /* BookTVCell.swift in Sources */ = {isa = PBXBuildFile; fileRef = 6FC4C4E02BC2A0D700808CB2 /* BookTVCell.swift */; };
		6FC4C4E32BC2AB6D00808CB2 /* handleimageViewController.swift in Sources */ = {isa = PBXBuildFile; fileRef = 6FC4C4E22BC2AB6D00808CB2 /* handleimageViewController.swift */; };
		6FC4C4E52BC2D28500808CB2 /* UserRepository.swift in Sources */ = {isa = PBXBuildFile; fileRef = 6FC4C4E42BC2D28500808CB2 /* UserRepository.swift */; };
		6FF39C852BDB220600424B78 /* BookDetailsTVController.swift in Sources */ = {isa = PBXBuildFile; fileRef = 6FF39C842BDB220600424B78 /* BookDetailsTVController.swift */; };
		6FF39C8B2BDB2D9E00424B78 /* profileUpdateVC.swift in Sources */ = {isa = PBXBuildFile; fileRef = 6FF39C8A2BDB2D9E00424B78 /* profileUpdateVC.swift */; };
/* End PBXBuildFile section */

/* Begin PBXFileReference section */
		6F1DBACF2BDAA5BA00CA366F /* profileController.swift */ = {isa = PBXFileReference; lastKnownFileType = sourcecode.swift; path = profileController.swift; sourceTree = "<group>"; };
		6FC4C4872BBCCC4000808CB2 /* BookFinder.app */ = {isa = PBXFileReference; explicitFileType = wrapper.application; includeInIndex = 0; path = BookFinder.app; sourceTree = BUILT_PRODUCTS_DIR; };
		6FC4C48A2BBCCC4000808CB2 /* AppDelegate.swift */ = {isa = PBXFileReference; lastKnownFileType = sourcecode.swift; path = AppDelegate.swift; sourceTree = "<group>"; };
		6FC4C48C2BBCCC4000808CB2 /* SceneDelegate.swift */ = {isa = PBXFileReference; lastKnownFileType = sourcecode.swift; path = SceneDelegate.swift; sourceTree = "<group>"; };
		6FC4C4912BBCCC4000808CB2 /* Base */ = {isa = PBXFileReference; lastKnownFileType = file.storyboard; name = Base; path = Base.lproj/Main.storyboard; sourceTree = "<group>"; };
		6FC4C4932BBCCC4200808CB2 /* Assets.xcassets */ = {isa = PBXFileReference; lastKnownFileType = folder.assetcatalog; path = Assets.xcassets; sourceTree = "<group>"; };
		6FC4C4962BBCCC4200808CB2 /* Base */ = {isa = PBXFileReference; lastKnownFileType = file.storyboard; name = Base; path = Base.lproj/LaunchScreen.storyboard; sourceTree = "<group>"; };
		6FC4C4982BBCCC4200808CB2 /* Info.plist */ = {isa = PBXFileReference; lastKnownFileType = text.plist.xml; path = Info.plist; sourceTree = "<group>"; };
		6FC4C49E2BBCCCA400808CB2 /* StartScreen.swift */ = {isa = PBXFileReference; lastKnownFileType = sourcecode.swift; path = StartScreen.swift; sourceTree = "<group>"; };
		6FC4C4A02BC08F2100808CB2 /* LoginController.swift */ = {isa = PBXFileReference; lastKnownFileType = sourcecode.swift; path = LoginController.swift; sourceTree = "<group>"; };
		6FC4C4AD2BC0910400808CB2 /* GoogleService-Info.plist */ = {isa = PBXFileReference; fileEncoding = 4; lastKnownFileType = text.plist.xml; path = "GoogleService-Info.plist"; sourceTree = "<group>"; };
		6FC4C4AF2BC098D400808CB2 /* RegController.swift */ = {isa = PBXFileReference; lastKnownFileType = sourcecode.swift; path = RegController.swift; sourceTree = "<group>"; };
		6FC4C4D22BC2309800808CB2 /* User.swift */ = {isa = PBXFileReference; lastKnownFileType = sourcecode.swift; path = User.swift; sourceTree = "<group>"; };
		6FC4C4D82BC27F8400808CB2 /* BookTVController.swift */ = {isa = PBXFileReference; lastKnownFileType = sourcecode.swift; path = BookTVController.swift; sourceTree = "<group>"; };
		6FC4C4DA2BC27FFE00808CB2 /* Book.swift */ = {isa = PBXFileReference; lastKnownFileType = sourcecode.swift; path = Book.swift; sourceTree = "<group>"; };
		6FC4C4DC2BC286AD00808CB2 /* BookRepository.swift */ = {isa = PBXFileReference; lastKnownFileType = sourcecode.swift; path = BookRepository.swift; sourceTree = "<group>"; };
		6FC4C4DE2BC28C4800808CB2 /* ViewController.swift */ = {isa = PBXFileReference; lastKnownFileType = sourcecode.swift; path = ViewController.swift; sourceTree = "<group>"; };
		6FC4C4E02BC2A0D700808CB2 /* BookTVCell.swift */ = {isa = PBXFileReference; lastKnownFileType = sourcecode.swift; path = BookTVCell.swift; sourceTree = "<group>"; };
		6FC4C4E22BC2AB6D00808CB2 /* handleimageViewController.swift */ = {isa = PBXFileReference; lastKnownFileType = sourcecode.swift; path = handleimageViewController.swift; sourceTree = "<group>"; };
		6FC4C4E42BC2D28500808CB2 /* UserRepository.swift */ = {isa = PBXFileReference; lastKnownFileType = sourcecode.swift; path = UserRepository.swift; sourceTree = "<group>"; };
		6FF39C842BDB220600424B78 /* BookDetailsTVController.swift */ = {isa = PBXFileReference; lastKnownFileType = sourcecode.swift; path = BookDetailsTVController.swift; sourceTree = "<group>"; };
		6FF39C8A2BDB2D9E00424B78 /* profileUpdateVC.swift */ = {isa = PBXFileReference; lastKnownFileType = sourcecode.swift; path = profileUpdateVC.swift; sourceTree = "<group>"; };
/* End PBXFileReference section */

/* Begin PBXFrameworksBuildPhase section */
		6FC4C4842BBCCC4000808CB2 /* Frameworks */ = {
			isa = PBXFrameworksBuildPhase;
			buildActionMask = 2147483647;
			files = (
				6FC4C4A82BC0900900808CB2 /* FirebaseDatabase in Frameworks */,
				6FC4C4AC2BC0900900808CB2 /* FirebaseStorage in Frameworks */,
				6FC4C4A62BC0900900808CB2 /* FirebaseAuth in Frameworks */,
				6FC4C4AA2BC0900900808CB2 /* FirebaseFirestore in Frameworks */,
			);
			runOnlyForDeploymentPostprocessing = 0;
		};
/* End PBXFrameworksBuildPhase section */

/* Begin PBXGroup section */
		6FC4C47E2BBCCC4000808CB2 = {
			isa = PBXGroup;
			children = (
				6FC4C4892BBCCC4000808CB2 /* BookFinder */,
				6FC4C4882BBCCC4000808CB2 /* Products */,
			);
			sourceTree = "<group>";
		};
		6FC4C4882BBCCC4000808CB2 /* Products */ = {
			isa = PBXGroup;
			children = (
				6FC4C4872BBCCC4000808CB2 /* BookFinder.app */,
			);
			name = Products;
			sourceTree = "<group>";
		};
		6FC4C4892BBCCC4000808CB2 /* BookFinder */ = {
			isa = PBXGroup;
			children = (
				6FC4C4DE2BC28C4800808CB2 /* ViewController.swift */,
				6FC4C48A2BBCCC4000808CB2 /* AppDelegate.swift */,
				6FC4C4D12BC22F6800808CB2 /* Controller */,
				6FC4C48C2BBCCC4000808CB2 /* SceneDelegate.swift */,
				6FC4C4902BBCCC4000808CB2 /* Main.storyboard */,
				6FC4C4E02BC2A0D700808CB2 /* BookTVCell.swift */,
				6FC4C49E2BBCCCA400808CB2 /* StartScreen.swift */,
				6FC4C4932BBCCC4200808CB2 /* Assets.xcassets */,
				6FC4C4952BBCCC4200808CB2 /* LaunchScreen.storyboard */,
				6FC4C4AD2BC0910400808CB2 /* GoogleService-Info.plist */,
				6FC4C4982BBCCC4200808CB2 /* Info.plist */,
				6FC4C4D22BC2309800808CB2 /* User.swift */,
				6FC4C4DA2BC27FFE00808CB2 /* Book.swift */,
				6FC4C4E62BC2D29000808CB2 /* Repositories */,
				6FC4C4E22BC2AB6D00808CB2 /* handleimageViewController.swift */,
			);
			path = BookFinder;
			sourceTree = "<group>";
		};
		6FC4C4D12BC22F6800808CB2 /* Controller */ = {
			isa = PBXGroup;
			children = (
				6FC4C4AF2BC098D400808CB2 /* RegController.swift */,
				6FC4C4A02BC08F2100808CB2 /* LoginController.swift */,
				6FC4C4D82BC27F8400808CB2 /* BookTVController.swift */,
				6F1DBACF2BDAA5BA00CA366F /* profileController.swift */,
				6FF39C842BDB220600424B78 /* BookDetailsTVController.swift */,
				6FF39C8A2BDB2D9E00424B78 /* profileUpdateVC.swift */,
			);
			path = Controller;
			sourceTree = "<group>";
		};
		6FC4C4E62BC2D29000808CB2 /* Repositories */ = {
			isa = PBXGroup;
			children = (
				6FC4C4E42BC2D28500808CB2 /* UserRepository.swift */,
				6FC4C4DC2BC286AD00808CB2 /* BookRepository.swift */,
			);
			path = Repositories;
			sourceTree = "<group>";
		};
/* End PBXGroup section */

/* Begin PBXNativeTarget section */
		6FC4C4862BBCCC4000808CB2 /* BookFinder */ = {
			isa = PBXNativeTarget;
			buildConfigurationList = 6FC4C49B2BBCCC4200808CB2 /* Build configuration list for PBXNativeTarget "BookFinder" */;
			buildPhases = (
				6FC4C4832BBCCC4000808CB2 /* Sources */,
				6FC4C4842BBCCC4000808CB2 /* Frameworks */,
				6FC4C4852BBCCC4000808CB2 /* Resources */,
			);
			buildRules = (
			);
			dependencies = (
			);
			name = BookFinder;
			packageProductDependencies = (
				6FC4C4A52BC0900900808CB2 /* FirebaseAuth */,
				6FC4C4A72BC0900900808CB2 /* FirebaseDatabase */,
				6FC4C4A92BC0900900808CB2 /* FirebaseFirestore */,
				6FC4C4AB2BC0900900808CB2 /* FirebaseStorage */,
			);
			productName = BookFinder;
			productReference = 6FC4C4872BBCCC4000808CB2 /* BookFinder.app */;
			productType = "com.apple.product-type.application";
		};
/* End PBXNativeTarget section */

/* Begin PBXProject section */
		6FC4C47F2BBCCC4000808CB2 /* Project object */ = {
			isa = PBXProject;
			attributes = {
				BuildIndependentTargetsInParallel = 1;
				LastSwiftUpdateCheck = 1530;
				LastUpgradeCheck = 1530;
				TargetAttributes = {
					6FC4C4862BBCCC4000808CB2 = {
						CreatedOnToolsVersion = 15.3;
						LastSwiftMigration = 1530;
					};
				};
			};
			buildConfigurationList = 6FC4C4822BBCCC4000808CB2 /* Build configuration list for PBXProject "BookFinder" */;
			compatibilityVersion = "Xcode 14.0";
			developmentRegion = en;
			hasScannedForEncodings = 0;
			knownRegions = (
				en,
				Base,
			);
			mainGroup = 6FC4C47E2BBCCC4000808CB2;
			packageReferences = (
				6FC4C4A42BC0900900808CB2 /* XCRemoteSwiftPackageReference "firebase-ios-sdk" */,
			);
			productRefGroup = 6FC4C4882BBCCC4000808CB2 /* Products */;
			projectDirPath = "";
			projectRoot = "";
			targets = (
				6FC4C4862BBCCC4000808CB2 /* BookFinder */,
			);
		};
/* End PBXProject section */

/* Begin PBXResourcesBuildPhase section */
		6FC4C4852BBCCC4000808CB2 /* Resources */ = {
			isa = PBXResourcesBuildPhase;
			buildActionMask = 2147483647;
			files = (
				6FC4C4942BBCCC4200808CB2 /* Assets.xcassets in Resources */,
				6FC4C4AE2BC0910500808CB2 /* GoogleService-Info.plist in Resources */,
				6FC4C4972BBCCC4200808CB2 /* Base in Resources */,
				6FC4C4922BBCCC4000808CB2 /* Base in Resources */,
			);
			runOnlyForDeploymentPostprocessing = 0;
		};
/* End PBXResourcesBuildPhase section */

/* Begin PBXSourcesBuildPhase section */
		6FC4C4832BBCCC4000808CB2 /* Sources */ = {
			isa = PBXSourcesBuildPhase;
			buildActionMask = 2147483647;
			files = (
				6FC4C4E32BC2AB6D00808CB2 /* handleimageViewController.swift in Sources */,
				6FC4C48B2BBCCC4000808CB2 /* AppDelegate.swift in Sources */,
				6FC4C4DD2BC286AD00808CB2 /* BookRepository.swift in Sources */,
				6F1DBAD02BDAA5BA00CA366F /* profileController.swift in Sources */,
				6FC4C4D92BC27F8400808CB2 /* BookTVController.swift in Sources */,
				6FC4C4E12BC2A0D700808CB2 /* BookTVCell.swift in Sources */,
				6FC4C4DF2BC28C4800808CB2 /* ViewController.swift in Sources */,
				6FC4C4A12BC08F2100808CB2 /* LoginController.swift in Sources */,
				6FC4C4D32BC2309800808CB2 /* User.swift in Sources */,
				6FC4C4DB2BC27FFE00808CB2 /* Book.swift in Sources */,
				6FC4C4E52BC2D28500808CB2 /* UserRepository.swift in Sources */,
				6FC4C48D2BBCCC4000808CB2 /* SceneDelegate.swift in Sources */,
				6FC4C4B02BC098D400808CB2 /* RegController.swift in Sources */,
				6FF39C8B2BDB2D9E00424B78 /* profileUpdateVC.swift in Sources */,
				6FF39C852BDB220600424B78 /* BookDetailsTVController.swift in Sources */,
				6FC4C49F2BBCCCA400808CB2 /* StartScreen.swift in Sources */,
			);
			runOnlyForDeploymentPostprocessing = 0;
		};
/* End PBXSourcesBuildPhase section */

/* Begin PBXVariantGroup section */
		6FC4C4902BBCCC4000808CB2 /* Main.storyboard */ = {
			isa = PBXVariantGroup;
			children = (
				6FC4C4912BBCCC4000808CB2 /* Base */,
			);
			name = Main.storyboard;
			sourceTree = "<group>";
		};
		6FC4C4952BBCCC4200808CB2 /* LaunchScreen.storyboard */ = {
			isa = PBXVariantGroup;
			children = (
				6FC4C4962BBCCC4200808CB2 /* Base */,
			);
			name = LaunchScreen.storyboard;
			sourceTree = "<group>";
		};
/* End PBXVariantGroup section */

/* Begin XCBuildConfiguration section */
		6FC4C4992BBCCC4200808CB2 /* Debug */ = {
			isa = XCBuildConfiguration;
			buildSettings = {
				ALWAYS_SEARCH_USER_PATHS = NO;
				ASSETCATALOG_COMPILER_GENERATE_SWIFT_ASSET_SYMBOL_EXTENSIONS = YES;
				CLANG_ANALYZER_NONNULL = YES;
				CLANG_ANALYZER_NUMBER_OBJECT_CONVERSION = YES_AGGRESSIVE;
				CLANG_CXX_LANGUAGE_STANDARD = "gnu++20";
				CLANG_ENABLE_MODULES = YES;
				CLANG_ENABLE_OBJC_ARC = YES;
				CLANG_ENABLE_OBJC_WEAK = YES;
				CLANG_WARN_BLOCK_CAPTURE_AUTORELEASING = YES;
				CLANG_WARN_BOOL_CONVERSION = YES;
				CLANG_WARN_COMMA = YES;
				CLANG_WARN_CONSTANT_CONVERSION = YES;
				CLANG_WARN_DEPRECATED_OBJC_IMPLEMENTATIONS = YES;
				CLANG_WARN_DIRECT_OBJC_ISA_USAGE = YES_ERROR;
				CLANG_WARN_DOCUMENTATION_COMMENTS = YES;
				CLANG_WARN_EMPTY_BODY = YES;
				CLANG_WARN_ENUM_CONVERSION = YES;
				CLANG_WARN_INFINITE_RECURSION = YES;
				CLANG_WARN_INT_CONVERSION = YES;
				CLANG_WARN_NON_LITERAL_NULL_CONVERSION = YES;
				CLANG_WARN_OBJC_IMPLICIT_RETAIN_SELF = YES;
				CLANG_WARN_OBJC_LITERAL_CONVERSION = YES;
				CLANG_WARN_OBJC_ROOT_CLASS = YES_ERROR;
				CLANG_WARN_QUOTED_INCLUDE_IN_FRAMEWORK_HEADER = YES;
				CLANG_WARN_RANGE_LOOP_ANALYSIS = YES;
				CLANG_WARN_STRICT_PROTOTYPES = YES;
				CLANG_WARN_SUSPICIOUS_MOVE = YES;
				CLANG_WARN_UNGUARDED_AVAILABILITY = YES_AGGRESSIVE;
				CLANG_WARN_UNREACHABLE_CODE = YES;
				CLANG_WARN__DUPLICATE_METHOD_MATCH = YES;
				COPY_PHASE_STRIP = NO;
				DEBUG_INFORMATION_FORMAT = dwarf;
				ENABLE_STRICT_OBJC_MSGSEND = YES;
				ENABLE_TESTABILITY = YES;
				ENABLE_USER_SCRIPT_SANDBOXING = YES;
				GCC_C_LANGUAGE_STANDARD = gnu17;
				GCC_DYNAMIC_NO_PIC = NO;
				GCC_NO_COMMON_BLOCKS = YES;
				GCC_OPTIMIZATION_LEVEL = 0;
				GCC_PREPROCESSOR_DEFINITIONS = (
					"DEBUG=1",
					"$(inherited)",
				);
				GCC_WARN_64_TO_32_BIT_CONVERSION = YES;
				GCC_WARN_ABOUT_RETURN_TYPE = YES_ERROR;
				GCC_WARN_UNDECLARED_SELECTOR = YES;
				GCC_WARN_UNINITIALIZED_AUTOS = YES_AGGRESSIVE;
				GCC_WARN_UNUSED_FUNCTION = YES;
				GCC_WARN_UNUSED_VARIABLE = YES;
				IPHONEOS_DEPLOYMENT_TARGET = 17.4;
				LOCALIZATION_PREFERS_STRING_CATALOGS = YES;
				MTL_ENABLE_DEBUG_INFO = INCLUDE_SOURCE;
				MTL_FAST_MATH = YES;
				ONLY_ACTIVE_ARCH = YES;
				SDKROOT = iphoneos;
				SWIFT_ACTIVE_COMPILATION_CONDITIONS = "DEBUG $(inherited)";
				SWIFT_OPTIMIZATION_LEVEL = "-Onone";
			};
			name = Debug;
		};
		6FC4C49A2BBCCC4200808CB2 /* Release */ = {
			isa = XCBuildConfiguration;
			buildSettings = {
				ALWAYS_SEARCH_USER_PATHS = NO;
				ASSETCATALOG_COMPILER_GENERATE_SWIFT_ASSET_SYMBOL_EXTENSIONS = YES;
				CLANG_ANALYZER_NONNULL = YES;
				CLANG_ANALYZER_NUMBER_OBJECT_CONVERSION = YES_AGGRESSIVE;
				CLANG_CXX_LANGUAGE_STANDARD = "gnu++20";
				CLANG_ENABLE_MODULES = YES;
				CLANG_ENABLE_OBJC_ARC = YES;
				CLANG_ENABLE_OBJC_WEAK = YES;
				CLANG_WARN_BLOCK_CAPTURE_AUTORELEASING = YES;
				CLANG_WARN_BOOL_CONVERSION = YES;
				CLANG_WARN_COMMA = YES;
				CLANG_WARN_CONSTANT_CONVERSION = YES;
				CLANG_WARN_DEPRECATED_OBJC_IMPLEMENTATIONS = YES;
				CLANG_WARN_DIRECT_OBJC_ISA_USAGE = YES_ERROR;
				CLANG_WARN_DOCUMENTATION_COMMENTS = YES;
				CLANG_WARN_EMPTY_BODY = YES;
				CLANG_WARN_ENUM_CONVERSION = YES;
				CLANG_WARN_INFINITE_RECURSION = YES;
				CLANG_WARN_INT_CONVERSION = YES;
				CLANG_WARN_NON_LITERAL_NULL_CONVERSION = YES;
				CLANG_WARN_OBJC_IMPLICIT_RETAIN_SELF = YES;
				CLANG_WARN_OBJC_LITERAL_CONVERSION = YES;
				CLANG_WARN_OBJC_ROOT_CLASS = YES_ERROR;
				CLANG_WARN_QUOTED_INCLUDE_IN_FRAMEWORK_HEADER = YES;
				CLANG_WARN_RANGE_LOOP_ANALYSIS = YES;
				CLANG_WARN_STRICT_PROTOTYPES = YES;
				CLANG_WARN_SUSPICIOUS_MOVE = YES;
				CLANG_WARN_UNGUARDED_AVAILABILITY = YES_AGGRESSIVE;
				CLANG_WARN_UNREACHABLE_CODE = YES;
				CLANG_WARN__DUPLICATE_METHOD_MATCH = YES;
				COPY_PHASE_STRIP = NO;
				DEBUG_INFORMATION_FORMAT = "dwarf-with-dsym";
				ENABLE_NS_ASSERTIONS = NO;
				ENABLE_STRICT_OBJC_MSGSEND = YES;
				ENABLE_USER_SCRIPT_SANDBOXING = YES;
				GCC_C_LANGUAGE_STANDARD = gnu17;
				GCC_NO_COMMON_BLOCKS = YES;
				GCC_WARN_64_TO_32_BIT_CONVERSION = YES;
				GCC_WARN_ABOUT_RETURN_TYPE = YES_ERROR;
				GCC_WARN_UNDECLARED_SELECTOR = YES;
				GCC_WARN_UNINITIALIZED_AUTOS = YES_AGGRESSIVE;
				GCC_WARN_UNUSED_FUNCTION = YES;
				GCC_WARN_UNUSED_VARIABLE = YES;
				IPHONEOS_DEPLOYMENT_TARGET = 17.4;
				LOCALIZATION_PREFERS_STRING_CATALOGS = YES;
				MTL_ENABLE_DEBUG_INFO = NO;
				MTL_FAST_MATH = YES;
				SDKROOT = iphoneos;
				SWIFT_COMPILATION_MODE = wholemodule;
				VALIDATE_PRODUCT = YES;
			};
			name = Release;
		};
		6FC4C49C2BBCCC4200808CB2 /* Debug */ = {
			isa = XCBuildConfiguration;
			buildSettings = {
				ASSETCATALOG_COMPILER_APPICON_NAME = AppIcon;
				ASSETCATALOG_COMPILER_GLOBAL_ACCENT_COLOR_NAME = AccentColor;
				CLANG_ENABLE_MODULES = YES;
				CODE_SIGN_STYLE = Automatic;
				CURRENT_PROJECT_VERSION = 1;
				GENERATE_INFOPLIST_FILE = YES;
				INFOPLIST_FILE = BookFinder/Info.plist;
				INFOPLIST_KEY_UIApplicationSupportsIndirectInputEvents = YES;
				INFOPLIST_KEY_UILaunchStoryboardName = LaunchScreen;
				INFOPLIST_KEY_UIMainStoryboardFile = Main;
				INFOPLIST_KEY_UISupportedInterfaceOrientations_iPad = "UIInterfaceOrientationPortrait UIInterfaceOrientationPortraitUpsideDown UIInterfaceOrientationLandscapeLeft UIInterfaceOrientationLandscapeRight";
				INFOPLIST_KEY_UISupportedInterfaceOrientations_iPhone = "UIInterfaceOrientationPortrait UIInterfaceOrientationLandscapeLeft UIInterfaceOrientationLandscapeRight";
				LD_RUNPATH_SEARCH_PATHS = (
					"$(inherited)",
					"@executable_path/Frameworks",
				);
				MARKETING_VERSION = 1.0;
				PRODUCT_BUNDLE_IDENTIFIER = com.utsav.BookFinder;
				PRODUCT_NAME = "$(TARGET_NAME)";
				SWIFT_EMIT_LOC_STRINGS = YES;
				SWIFT_OPTIMIZATION_LEVEL = "-Onone";
				SWIFT_VERSION = 5.0;
				TARGETED_DEVICE_FAMILY = "1,2";
			};
			name = Debug;
		};
		6FC4C49D2BBCCC4200808CB2 /* Release */ = {
			isa = XCBuildConfiguration;
			buildSettings = {
				ASSETCATALOG_COMPILER_APPICON_NAME = AppIcon;
				ASSETCATALOG_COMPILER_GLOBAL_ACCENT_COLOR_NAME = AccentColor;
				CLANG_ENABLE_MODULES = YES;
				CODE_SIGN_STYLE = Automatic;
				CURRENT_PROJECT_VERSION = 1;
				GENERATE_INFOPLIST_FILE = YES;
				INFOPLIST_FILE = BookFinder/Info.plist;
				INFOPLIST_KEY_UIApplicationSupportsIndirectInputEvents = YES;
				INFOPLIST_KEY_UILaunchStoryboardName = LaunchScreen;
				INFOPLIST_KEY_UIMainStoryboardFile = Main;
				INFOPLIST_KEY_UISupportedInterfaceOrientations_iPad = "UIInterfaceOrientationPortrait UIInterfaceOrientationPortraitUpsideDown UIInterfaceOrientationLandscapeLeft UIInterfaceOrientationLandscapeRight";
				INFOPLIST_KEY_UISupportedInterfaceOrientations_iPhone = "UIInterfaceOrientationPortrait UIInterfaceOrientationLandscapeLeft UIInterfaceOrientationLandscapeRight";
				LD_RUNPATH_SEARCH_PATHS = (
					"$(inherited)",
					"@executable_path/Frameworks",
				);
				MARKETING_VERSION = 1.0;
				PRODUCT_BUNDLE_IDENTIFIER = com.utsav.BookFinder;
				PRODUCT_NAME = "$(TARGET_NAME)";
				SWIFT_EMIT_LOC_STRINGS = YES;
				SWIFT_VERSION = 5.0;
				TARGETED_DEVICE_FAMILY = "1,2";
			};
			name = Release;
		};
/* End XCBuildConfiguration section */

/* Begin XCConfigurationList section */
		6FC4C4822BBCCC4000808CB2 /* Build configuration list for PBXProject "BookFinder" */ = {
			isa = XCConfigurationList;
			buildConfigurations = (
				6FC4C4992BBCCC4200808CB2 /* Debug */,
				6FC4C49A2BBCCC4200808CB2 /* Release */,
			);
			defaultConfigurationIsVisible = 0;
			defaultConfigurationName = Release;
		};
		6FC4C49B2BBCCC4200808CB2 /* Build configuration list for PBXNativeTarget "BookFinder" */ = {
			isa = XCConfigurationList;
			buildConfigurations = (
				6FC4C49C2BBCCC4200808CB2 /* Debug */,
				6FC4C49D2BBCCC4200808CB2 /* Release */,
			);
			defaultConfigurationIsVisible = 0;
			defaultConfigurationName = Release;
		};
/* End XCConfigurationList section */

/* Begin XCRemoteSwiftPackageReference section */
		6FC4C4A42BC0900900808CB2 /* XCRemoteSwiftPackageReference "firebase-ios-sdk" */ = {
			isa = XCRemoteSwiftPackageReference;
			repositoryURL = "https://github.com/firebase/firebase-ios-sdk";
			requirement = {
				kind = upToNextMajorVersion;
				minimumVersion = 10.23.1;
			};
		};
/* End XCRemoteSwiftPackageReference section */

/* Begin XCSwiftPackageProductDependency section */
		6FC4C4A52BC0900900808CB2 /* FirebaseAuth */ = {
			isa = XCSwiftPackageProductDependency;
			package = 6FC4C4A42BC0900900808CB2 /* XCRemoteSwiftPackageReference "firebase-ios-sdk" */;
			productName = FirebaseAuth;
		};
		6FC4C4A72BC0900900808CB2 /* FirebaseDatabase */ = {
			isa = XCSwiftPackageProductDependency;
			package = 6FC4C4A42BC0900900808CB2 /* XCRemoteSwiftPackageReference "firebase-ios-sdk" */;
			productName = FirebaseDatabase;
		};
		6FC4C4A92BC0900900808CB2 /* FirebaseFirestore */ = {
			isa = XCSwiftPackageProductDependency;
			package = 6FC4C4A42BC0900900808CB2 /* XCRemoteSwiftPackageReference "firebase-ios-sdk" */;
			productName = FirebaseFirestore;
		};
		6FC4C4AB2BC0900900808CB2 /* FirebaseStorage */ = {
			isa = XCSwiftPackageProductDependency;
			package = 6FC4C4A42BC0900900808CB2 /* XCRemoteSwiftPackageReference "firebase-ios-sdk" */;
			productName = FirebaseStorage;
		};
/* End XCSwiftPackageProductDependency section */
	};
	rootObject = 6FC4C47F2BBCCC4000808CB2 /* Project object */;
}
